
Microsoft Visual Studio Solution File, Format Version 12.00
# Visual Studio Version 17
VisualStudioVersion = 17.13.35818.85
MinimumVisualStudioVersion = 10.0.40219.1
Project("{FAE04EC0-301F-11D3-BF4B-00C04F79EFBC}") = "Zadanie1-1", "Zadanie1-1\Zadanie1-1.csproj", "{A9623C98-AC52-4783-8143-A9A75A15682B}"
EndProject
Project("{FAE04EC0-301F-11D3-BF4B-00C04F79EFBC}") = "Zadanie1-2", "Zadanie1-2\Zadanie1-2.csproj", "{EDB9E10C-E229-4CFE-9574-E933D8931546}"
EndProject
Project("{FAE04EC0-301F-11D3-BF4B-00C04F79EFBC}") = "Zadanie1-3", "Zadanie1-3\Zadanie1-3.csproj", "{57B2F81D-7C12-4637-A5DD-1242BAEC6166}"
EndProject
Project("{FAE04EC0-301F-11D3-BF4B-00C04F79EFBC}") = "Zadanie1-4", "Zadanie1-4\Zadanie1-4.csproj", "{0CF952BD-FDD2-4CCF-B9BF-ECE47F718EC4}"
EndProject
Project("{FAE04EC0-301F-11D3-BF4B-00C04F79EFBC}") = "Zadanie1-5", "Zadanie1-5\Zadanie1-5.csproj", "{51174730-969A-4EAF-BAA1-FFB2A094AB2F}"
EndProject
Project("{FAE04EC0-301F-11D3-BF4B-00C04F79EFBC}") = "Zadanie1-6", "Zadanie1-6\Zadanie1-6.csproj", "{C789DB52-61AE-4B01-8129-6AD729FE50D2}"
EndProject
Project("{FAE04EC0-301F-11D3-BF4B-00C04F79EFBC}") = "Zadanie1-7", "Zadanie1-7\Zadanie1-7.csproj", "{B9F94499-12A8-41D5-BC26-D6AF0485D5BD}"
EndProject
Project("{FAE04EC0-301F-11D3-BF4B-00C04F79EFBC}") = "Zadanie1-8", "Zadanie1-8\Zadanie1-8.csproj", "{BE2D9543-608D-431B-B3D6-FFA03FA6A4AB}"
EndProject
Project("{FAE04EC0-301F-11D3-BF4B-00C04F79EFBC}") = "Zadanie1-9", "Zadanie1-9\Zadanie1-9.csproj", "{6EBC3D18-BCDF-4E86-BFE6-D12242BE73F8}"
EndProject
Project("{FAE04EC0-301F-11D3-BF4B-00C04F79EFBC}") = "Zadanie1-10", "Zadanie1-10\Zadanie1-10.csproj", "{A5A6F482-F431-4F3E-89A2-C7432DBE115A}"
EndProject
Project("{FAE04EC0-301F-11D3-BF4B-00C04F79EFBC}") = "Zadanie1-11", "Zadanie1-11\Zadanie1-11.csproj", "{3113DB00-C11D-42AD-9602-7AEDDA3B80EC}"
EndProject
Global
	GlobalSection(SolutionConfigurationPlatforms) = preSolution
		Debug|Any CPU = Debug|Any CPU
		Release|Any CPU = Release|Any CPU
	EndGlobalSection
	GlobalSection(ProjectConfigurationPlatforms) = postSolution
		{A9623C98-AC52-4783-8143-A9A75A15682B}.Debug|Any CPU.ActiveCfg = Debug|Any CPU
		{A9623C98-AC52-4783-8143-A9A75A15682B}.Debug|Any CPU.Build.0 = Debug|Any CPU
		{A9623C98-AC52-4783-8143-A9A75A15682B}.Release|Any CPU.ActiveCfg = Release|Any CPU
		{A9623C98-AC52-4783-8143-A9A75A15682B}.Release|Any CPU.Build.0 = Release|Any CPU
		{EDB9E10C-E229-4CFE-9574-E933D8931546}.Debug|Any CPU.ActiveCfg = Debug|Any CPU
		{EDB9E10C-E229-4CFE-9574-E933D8931546}.Debug|Any CPU.Build.0 = Debug|Any CPU
		{EDB9E10C-E229-4CFE-9574-E933D8931546}.Release|Any CPU.ActiveCfg = Release|Any CPU
		{EDB9E10C-E229-4CFE-9574-E933D8931546}.Release|Any CPU.Build.0 = Release|Any CPU
		{57B2F81D-7C12-4637-A5DD-1242BAEC6166}.Debug|Any CPU.ActiveCfg = Debug|Any CPU
		{57B2F81D-7C12-4637-A5DD-1242BAEC6166}.Debug|Any CPU.Build.0 = Debug|Any CPU
		{57B2F81D-7C12-4637-A5DD-1242BAEC6166}.Release|Any CPU.ActiveCfg = Release|Any CPU
		{57B2F81D-7C12-4637-A5DD-1242BAEC6166}.Release|Any CPU.Build.0 = Release|Any CPU
		{0CF952BD-FDD2-4CCF-B9BF-ECE47F718EC4}.Debug|Any CPU.ActiveCfg = Debug|Any CPU
		{0CF952BD-FDD2-4CCF-B9BF-ECE47F718EC4}.Debug|Any CPU.Build.0 = Debug|Any CPU
		{0CF952BD-FDD2-4CCF-B9BF-ECE47F718EC4}.Release|Any CPU.ActiveCfg = Release|Any CPU
		{0CF952BD-FDD2-4CCF-B9BF-ECE47F718EC4}.Release|Any CPU.Build.0 = Release|Any CPU
		{51174730-969A-4EAF-BAA1-FFB2A094AB2F}.Debug|Any CPU.ActiveCfg = Debug|Any CPU
		{51174730-969A-4EAF-BAA1-FFB2A094AB2F}.Debug|Any CPU.Build.0 = Debug|Any CPU
		{51174730-969A-4EAF-BAA1-FFB2A094AB2F}.Release|Any CPU.ActiveCfg = Release|Any CPU
		{51174730-969A-4EAF-BAA1-FFB2A094AB2F}.Release|Any CPU.Build.0 = Release|Any CPU
		{C789DB52-61AE-4B01-8129-6AD729FE50D2}.Debug|Any CPU.ActiveCfg = Debug|Any CPU
		{C789DB52-61AE-4B01-8129-6AD729FE50D2}.Debug|Any CPU.Build.0 = Debug|Any CPU
		{C789DB52-61AE-4B01-8129-6AD729FE50D2}.Release|Any CPU.ActiveCfg = Release|Any CPU
		{C789DB52-61AE-4B01-8129-6AD729FE50D2}.Release|Any CPU.Build.0 = Release|Any CPU
		{B9F94499-12A8-41D5-BC26-D6AF0485D5BD}.Debug|Any CPU.ActiveCfg = Debug|Any CPU
		{B9F94499-12A8-41D5-BC26-D6AF0485D5BD}.Debug|Any CPU.Build.0 = Debug|Any CPU
		{B9F94499-12A8-41D5-BC26-D6AF0485D5BD}.Release|Any CPU.ActiveCfg = Release|Any CPU
		{B9F94499-12A8-41D5-BC26-D6AF0485D5BD}.Release|Any CPU.Build.0 = Release|Any CPU
		{BE2D9543-608D-431B-B3D6-FFA03FA6A4AB}.Debug|Any CPU.ActiveCfg = Debug|Any CPU
		{BE2D9543-608D-431B-B3D6-FFA03FA6A4AB}.Debug|Any CPU.Build.0 = Debug|Any CPU
		{BE2D9543-608D-431B-B3D6-FFA03FA6A4AB}.Release|Any CPU.ActiveCfg = Release|Any CPU
		{BE2D9543-608D-431B-B3D6-FFA03FA6A4AB}.Release|Any CPU.Build.0 = Release|Any CPU
		{6EBC3D18-BCDF-4E86-BFE6-D12242BE73F8}.Debug|Any CPU.ActiveCfg = Debug|Any CPU
		{6EBC3D18-BCDF-4E86-BFE6-D12242BE73F8}.Debug|Any CPU.Build.0 = Debug|Any CPU
		{6EBC3D18-BCDF-4E86-BFE6-D12242BE73F8}.Release|Any CPU.ActiveCfg = Release|Any CPU
		{6EBC3D18-BCDF-4E86-BFE6-D12242BE73F8}.Release|Any CPU.Build.0 = Release|Any CPU
		{A5A6F482-F431-4F3E-89A2-C7432DBE115A}.Debug|Any CPU.ActiveCfg = Debug|Any CPU
		{A5A6F482-F431-4F3E-89A2-C7432DBE115A}.Debug|Any CPU.Build.0 = Debug|Any CPU
		{A5A6F482-F431-4F3E-89A2-C7432DBE115A}.Release|Any CPU.ActiveCfg = Release|Any CPU
		{A5A6F482-F431-4F3E-89A2-C7432DBE115A}.Release|Any CPU.Build.0 = Release|Any CPU
		{3113DB00-C11D-42AD-9602-7AEDDA3B80EC}.Debug|Any CPU.ActiveCfg = Debug|Any CPU
		{3113DB00-C11D-42AD-9602-7AEDDA3B80EC}.Debug|Any CPU.Build.0 = Debug|Any CPU
		{3113DB00-C11D-42AD-9602-7AEDDA3B80EC}.Release|Any CPU.ActiveCfg = Release|Any CPU
		{3113DB00-C11D-42AD-9602-7AEDDA3B80EC}.Release|Any CPU.Build.0 = Release|Any CPU
	EndGlobalSection
	GlobalSection(SolutionProperties) = preSolution
		HideSolutionNode = FALSE
	EndGlobalSection
	GlobalSection(ExtensibilityGlobals) = postSolution
		SolutionGuid = {935FAA26-8074-4B8E-A4B5-A2C0D89CF117}
	EndGlobalSection
EndGlobal
