
Microsoft Visual Studio Solution File, Format Version 12.00
# Visual Studio Version 17
VisualStudioVersion = 17.13.35818.85
MinimumVisualStudioVersion = 10.0.40219.1
Project("{FAE04EC0-301F-11D3-BF4B-00C04F79EFBC}") = "zadanie1", "ConsoleApp3\zadanie1.csproj", "{B892439F-1D8A-448C-8C97-97D6200BCB6C}"
EndProject
Project("{FAE04EC0-301F-11D3-BF4B-00C04F79EFBC}") = "zadanie-2", "zadanie-2\zadanie-2.csproj", "{0BB58A6A-AB0E-4E72-8A24-ADF32EC25B4B}"
EndProject
Project("{FAE04EC0-301F-11D3-BF4B-00C04F79EFBC}") = "zadanie-3", "zadanie-3\zadanie-3.csproj", "{2370929E-CF4D-410E-8B87-9DD72DC949A2}"
EndProject
Project("{FAE04EC0-301F-11D3-BF4B-00C04F79EFBC}") = "zadanie-4", "zadanie-4\zadanie-4.csproj", "{8047B4AF-F51D-4C7A-8069-6539545FB655}"
EndProject
Project("{FAE04EC0-301F-11D3-BF4B-00C04F79EFBC}") = "zadanie-5", "zadanie-5\zadanie-5.csproj", "{723F16E0-A598-4013-BB10-E0B491727613}"
EndProject
Project("{FAE04EC0-301F-11D3-BF4B-00C04F79EFBC}") = "zadanie-6", "zadanie-6\zadanie-6.csproj", "{D489406F-933E-42A1-85DF-5A67BAC3BF93}"
EndProject
Project("{FAE04EC0-301F-11D3-BF4B-00C04F79EFBC}") = "zadanie-7", "zadanie-7\zadanie-7.csproj", "{BA1EC04D-5DCD-485E-A244-2CD63473C577}"
EndProject
Project("{FAE04EC0-301F-11D3-BF4B-00C04F79EFBC}") = "Zadanie-8", "Zadanie-8\Zadanie-8.csproj", "{8F71FC64-7611-4C43-A225-27E2CDF597F2}"
EndProject
Project("{FAE04EC0-301F-11D3-BF4B-00C04F79EFBC}") = "Zadanie-9", "Zadanie-9\Zadanie-9.csproj", "{A8BC20B3-E469-4B98-B78E-BE502A737B80}"
EndProject
Project("{FAE04EC0-301F-11D3-BF4B-00C04F79EFBC}") = "Zadanie-10", "Zadanie-10\Zadanie-10.csproj", "{B119E53F-7014-49B8-B569-8C5128330F75}"
EndProject
Global
	GlobalSection(SolutionConfigurationPlatforms) = preSolution
		Debug|Any CPU = Debug|Any CPU
		Release|Any CPU = Release|Any CPU
	EndGlobalSection
	GlobalSection(ProjectConfigurationPlatforms) = postSolution
		{B892439F-1D8A-448C-8C97-97D6200BCB6C}.Debug|Any CPU.ActiveCfg = Debug|Any CPU
		{B892439F-1D8A-448C-8C97-97D6200BCB6C}.Debug|Any CPU.Build.0 = Debug|Any CPU
		{B892439F-1D8A-448C-8C97-97D6200BCB6C}.Release|Any CPU.ActiveCfg = Release|Any CPU
		{B892439F-1D8A-448C-8C97-97D6200BCB6C}.Release|Any CPU.Build.0 = Release|Any CPU
		{0BB58A6A-AB0E-4E72-8A24-ADF32EC25B4B}.Debug|Any CPU.ActiveCfg = Debug|Any CPU
		{0BB58A6A-AB0E-4E72-8A24-ADF32EC25B4B}.Debug|Any CPU.Build.0 = Debug|Any CPU
		{0BB58A6A-AB0E-4E72-8A24-ADF32EC25B4B}.Release|Any CPU.ActiveCfg = Release|Any CPU
		{0BB58A6A-AB0E-4E72-8A24-ADF32EC25B4B}.Release|Any CPU.Build.0 = Release|Any CPU
		{2370929E-CF4D-410E-8B87-9DD72DC949A2}.Debug|Any CPU.ActiveCfg = Debug|Any CPU
		{2370929E-CF4D-410E-8B87-9DD72DC949A2}.Debug|Any CPU.Build.0 = Debug|Any CPU
		{2370929E-CF4D-410E-8B87-9DD72DC949A2}.Release|Any CPU.ActiveCfg = Release|Any CPU
		{2370929E-CF4D-410E-8B87-9DD72DC949A2}.Release|Any CPU.Build.0 = Release|Any CPU
		{8047B4AF-F51D-4C7A-8069-6539545FB655}.Debug|Any CPU.ActiveCfg = Debug|Any CPU
		{8047B4AF-F51D-4C7A-8069-6539545FB655}.Debug|Any CPU.Build.0 = Debug|Any CPU
		{8047B4AF-F51D-4C7A-8069-6539545FB655}.Release|Any CPU.ActiveCfg = Release|Any CPU
		{8047B4AF-F51D-4C7A-8069-6539545FB655}.Release|Any CPU.Build.0 = Release|Any CPU
		{723F16E0-A598-4013-BB10-E0B491727613}.Debug|Any CPU.ActiveCfg = Debug|Any CPU
		{723F16E0-A598-4013-BB10-E0B491727613}.Debug|Any CPU.Build.0 = Debug|Any CPU
		{723F16E0-A598-4013-BB10-E0B491727613}.Release|Any CPU.ActiveCfg = Release|Any CPU
		{723F16E0-A598-4013-BB10-E0B491727613}.Release|Any CPU.Build.0 = Release|Any CPU
		{D489406F-933E-42A1-85DF-5A67BAC3BF93}.Debug|Any CPU.ActiveCfg = Debug|Any CPU
		{D489406F-933E-42A1-85DF-5A67BAC3BF93}.Debug|Any CPU.Build.0 = Debug|Any CPU
		{D489406F-933E-42A1-85DF-5A67BAC3BF93}.Release|Any CPU.ActiveCfg = Release|Any CPU
		{D489406F-933E-42A1-85DF-5A67BAC3BF93}.Release|Any CPU.Build.0 = Release|Any CPU
		{BA1EC04D-5DCD-485E-A244-2CD63473C577}.Debug|Any CPU.ActiveCfg = Debug|Any CPU
		{BA1EC04D-5DCD-485E-A244-2CD63473C577}.Debug|Any CPU.Build.0 = Debug|Any CPU
		{BA1EC04D-5DCD-485E-A244-2CD63473C577}.Release|Any CPU.ActiveCfg = Release|Any CPU
		{BA1EC04D-5DCD-485E-A244-2CD63473C577}.Release|Any CPU.Build.0 = Release|Any CPU
		{8F71FC64-7611-4C43-A225-27E2CDF597F2}.Debug|Any CPU.ActiveCfg = Debug|Any CPU
		{8F71FC64-7611-4C43-A225-27E2CDF597F2}.Debug|Any CPU.Build.0 = Debug|Any CPU
		{8F71FC64-7611-4C43-A225-27E2CDF597F2}.Release|Any CPU.ActiveCfg = Release|Any CPU
		{8F71FC64-7611-4C43-A225-27E2CDF597F2}.Release|Any CPU.Build.0 = Release|Any CPU
		{A8BC20B3-E469-4B98-B78E-BE502A737B80}.Debug|Any CPU.ActiveCfg = Debug|Any CPU
		{A8BC20B3-E469-4B98-B78E-BE502A737B80}.Debug|Any CPU.Build.0 = Debug|Any CPU
		{A8BC20B3-E469-4B98-B78E-BE502A737B80}.Release|Any CPU.ActiveCfg = Release|Any CPU
		{A8BC20B3-E469-4B98-B78E-BE502A737B80}.Release|Any CPU.Build.0 = Release|Any CPU
		{B119E53F-7014-49B8-B569-8C5128330F75}.Debug|Any CPU.ActiveCfg = Debug|Any CPU
		{B119E53F-7014-49B8-B569-8C5128330F75}.Debug|Any CPU.Build.0 = Debug|Any CPU
		{B119E53F-7014-49B8-B569-8C5128330F75}.Release|Any CPU.ActiveCfg = Release|Any CPU
		{B119E53F-7014-49B8-B569-8C5128330F75}.Release|Any CPU.Build.0 = Release|Any CPU
	EndGlobalSection
	GlobalSection(SolutionProperties) = preSolution
		HideSolutionNode = FALSE
	EndGlobalSection
	GlobalSection(ExtensibilityGlobals) = postSolution
		SolutionGuid = {935FAA26-8074-4B8E-A4B5-A2C0D89CF117}
	EndGlobalSection
EndGlobal
